# This file is autogenerated, do not edit; changes may be undone by the next 'dep ensure'.


[[projects]]
  branch = "master"
  name = "github.com/mediocregopher/radix.v3"
  packages = [
    ".",
    "resp"
  ]
  revision = "bb5fd135e80bce6f48ced17c2397c1fff073dfc4"

[solve-meta]
  analyzer-name = "dep"
  analyzer-version = 1
  inputs-digest = "70a963f5e3eb10ff33913b6f89b4810006c70ff958c0b7f947244af2be6e93e4"
  solver-name = "gps-cdcl"
  solver-version = 1
